
Microsoft Visual Studio Solution File, Format Version 12.00
Project("{FAE04EC0-301F-11D3-BF4B-00C04F79EFBC}") = "AASD.Orchestration", "AASD.Orchestration\AASD.Orchestration.csproj", "{DDB6B7C8-3548-4EF2-9DB1-1345C37534AA}"
EndProject
Project("{FAE04EC0-301F-11D3-BF4B-00C04F79EFBC}") = "AASD.Angular", "AASD.Angular\AASD.Angular.csproj", "{30CD0DB8-7A0C-4967-8E3F-820B058FDEB7}"
EndProject
Project("{2150E333-8FDC-42A3-9474-1A3956D46DE8}") = "AASD.Backend", "AASD.Backend", "{517FCF32-650D-0D38-2C10-7F55090B70DF}"
EndProject
Project("{FAE04EC0-301F-11D3-BF4B-00C04F79EFBC}") = "AASD.Backend.Domain", "AASD.Backend\AASD.Backend.Domain\AASD.Backend.Domain.csproj", "{E795886E-3F7D-4173-8F4C-0FB871F7FAE4}"
EndProject
Project("{FAE04EC0-301F-11D3-BF4B-00C04F79EFBC}") = "AASD.Backend.Application", "AASD.Backend\AASD.Backend.Application\AASD.Backend.Application.csproj", "{410C53C0-37FA-43C2-B4FF-1996DC0628B9}"
EndProject
Project("{FAE04EC0-301F-11D3-BF4B-00C04F79EFBC}") = "AASD.Backend.Infrastructure", "AASD.Backend\AASD.Backend.Infrastructure\AASD.Backend.Infrastructure.csproj", "{DA9DA834-90B3-420A-9C9A-ECEB71431C35}"
EndProject
Project("{FAE04EC0-301F-11D3-BF4B-00C04F79EFBC}") = "AASD.Backend.API", "AASD.Backend\AASD.Backend.API\AASD.Backend.API.csproj", "{62B67F4D-0A71-4A85-8215-377C7D766ED2}"
EndProject
Global
	GlobalSection(SolutionConfigurationPlatforms) = preSolution
		Debug|Any CPU = Debug|Any CPU
		Debug|x64 = Debug|x64
		Debug|x86 = Debug|x86
		Release|Any CPU = Release|Any CPU
		Release|x64 = Release|x64
		Release|x86 = Release|x86
	EndGlobalSection
	GlobalSection(ProjectConfigurationPlatforms) = postSolution
		{DDB6B7C8-3548-4EF2-9DB1-1345C37534AA}.Debug|Any CPU.ActiveCfg = Debug|Any CPU
		{DDB6B7C8-3548-4EF2-9DB1-1345C37534AA}.Debug|Any CPU.Build.0 = Debug|Any CPU
		{DDB6B7C8-3548-4EF2-9DB1-1345C37534AA}.Debug|x64.ActiveCfg = Debug|Any CPU
		{DDB6B7C8-3548-4EF2-9DB1-1345C37534AA}.Debug|x64.Build.0 = Debug|Any CPU
		{DDB6B7C8-3548-4EF2-9DB1-1345C37534AA}.Debug|x86.ActiveCfg = Debug|Any CPU
		{DDB6B7C8-3548-4EF2-9DB1-1345C37534AA}.Debug|x86.Build.0 = Debug|Any CPU
		{DDB6B7C8-3548-4EF2-9DB1-1345C37534AA}.Release|Any CPU.ActiveCfg = Release|Any CPU
		{DDB6B7C8-3548-4EF2-9DB1-1345C37534AA}.Release|Any CPU.Build.0 = Release|Any CPU
		{DDB6B7C8-3548-4EF2-9DB1-1345C37534AA}.Release|x64.ActiveCfg = Release|Any CPU
		{DDB6B7C8-3548-4EF2-9DB1-1345C37534AA}.Release|x64.Build.0 = Release|Any CPU
		{DDB6B7C8-3548-4EF2-9DB1-1345C37534AA}.Release|x86.ActiveCfg = Release|Any CPU
		{DDB6B7C8-3548-4EF2-9DB1-1345C37534AA}.Release|x86.Build.0 = Release|Any CPU
		{30CD0DB8-7A0C-4967-8E3F-820B058FDEB7}.Debug|Any CPU.ActiveCfg = Debug|Any CPU
		{30CD0DB8-7A0C-4967-8E3F-820B058FDEB7}.Debug|Any CPU.Build.0 = Debug|Any CPU
		{30CD0DB8-7A0C-4967-8E3F-820B058FDEB7}.Debug|x64.ActiveCfg = Debug|Any CPU
		{30CD0DB8-7A0C-4967-8E3F-820B058FDEB7}.Debug|x64.Build.0 = Debug|Any CPU
		{30CD0DB8-7A0C-4967-8E3F-820B058FDEB7}.Debug|x86.ActiveCfg = Debug|Any CPU
		{30CD0DB8-7A0C-4967-8E3F-820B058FDEB7}.Debug|x86.Build.0 = Debug|Any CPU
		{30CD0DB8-7A0C-4967-8E3F-820B058FDEB7}.Release|Any CPU.ActiveCfg = Release|Any CPU
		{30CD0DB8-7A0C-4967-8E3F-820B058FDEB7}.Release|Any CPU.Build.0 = Release|Any CPU
		{30CD0DB8-7A0C-4967-8E3F-820B058FDEB7}.Release|x64.ActiveCfg = Release|Any CPU
		{30CD0DB8-7A0C-4967-8E3F-820B058FDEB7}.Release|x64.Build.0 = Release|Any CPU
		{30CD0DB8-7A0C-4967-8E3F-820B058FDEB7}.Release|x86.ActiveCfg = Release|Any CPU
		{30CD0DB8-7A0C-4967-8E3F-820B058FDEB7}.Release|x86.Build.0 = Release|Any CPU
		{E795886E-3F7D-4173-8F4C-0FB871F7FAE4}.Debug|Any CPU.ActiveCfg = Debug|Any CPU
		{E795886E-3F7D-4173-8F4C-0FB871F7FAE4}.Debug|Any CPU.Build.0 = Debug|Any CPU
		{E795886E-3F7D-4173-8F4C-0FB871F7FAE4}.Debug|x64.ActiveCfg = Debug|Any CPU
		{E795886E-3F7D-4173-8F4C-0FB871F7FAE4}.Debug|x64.Build.0 = Debug|Any CPU
		{E795886E-3F7D-4173-8F4C-0FB871F7FAE4}.Debug|x86.ActiveCfg = Debug|Any CPU
		{E795886E-3F7D-4173-8F4C-0FB871F7FAE4}.Debug|x86.Build.0 = Debug|Any CPU
		{E795886E-3F7D-4173-8F4C-0FB871F7FAE4}.Release|Any CPU.ActiveCfg = Release|Any CPU
		{E795886E-3F7D-4173-8F4C-0FB871F7FAE4}.Release|Any CPU.Build.0 = Release|Any CPU
		{E795886E-3F7D-4173-8F4C-0FB871F7FAE4}.Release|x64.ActiveCfg = Release|Any CPU
		{E795886E-3F7D-4173-8F4C-0FB871F7FAE4}.Release|x64.Build.0 = Release|Any CPU
		{E795886E-3F7D-4173-8F4C-0FB871F7FAE4}.Release|x86.ActiveCfg = Release|Any CPU
		{E795886E-3F7D-4173-8F4C-0FB871F7FAE4}.Release|x86.Build.0 = Release|Any CPU
		{410C53C0-37FA-43C2-B4FF-1996DC0628B9}.Debug|Any CPU.ActiveCfg = Debug|Any CPU
		{410C53C0-37FA-43C2-B4FF-1996DC0628B9}.Debug|Any CPU.Build.0 = Debug|Any CPU
		{410C53C0-37FA-43C2-B4FF-1996DC0628B9}.Debug|x64.ActiveCfg = Debug|Any CPU
		{410C53C0-37FA-43C2-B4FF-1996DC0628B9}.Debug|x64.Build.0 = Debug|Any CPU
		{410C53C0-37FA-43C2-B4FF-1996DC0628B9}.Debug|x86.ActiveCfg = Debug|Any CPU
		{410C53C0-37FA-43C2-B4FF-1996DC0628B9}.Debug|x86.Build.0 = Debug|Any CPU
		{410C53C0-37FA-43C2-B4FF-1996DC0628B9}.Release|Any CPU.ActiveCfg = Release|Any CPU
		{410C53C0-37FA-43C2-B4FF-1996DC0628B9}.Release|Any CPU.Build.0 = Release|Any CPU
		{410C53C0-37FA-43C2-B4FF-1996DC0628B9}.Release|x64.ActiveCfg = Release|Any CPU
		{410C53C0-37FA-43C2-B4FF-1996DC0628B9}.Release|x64.Build.0 = Release|Any CPU
		{410C53C0-37FA-43C2-B4FF-1996DC0628B9}.Release|x86.ActiveCfg = Release|Any CPU
		{410C53C0-37FA-43C2-B4FF-1996DC0628B9}.Release|x86.Build.0 = Release|Any CPU
		{DA9DA834-90B3-420A-9C9A-ECEB71431C35}.Debug|Any CPU.ActiveCfg = Debug|Any CPU
		{DA9DA834-90B3-420A-9C9A-ECEB71431C35}.Debug|Any CPU.Build.0 = Debug|Any CPU
		{DA9DA834-90B3-420A-9C9A-ECEB71431C35}.Debug|x64.ActiveCfg = Debug|Any CPU
		{DA9DA834-90B3-420A-9C9A-ECEB71431C35}.Debug|x64.Build.0 = Debug|Any CPU
		{DA9DA834-90B3-420A-9C9A-ECEB71431C35}.Debug|x86.ActiveCfg = Debug|Any CPU
		{DA9DA834-90B3-420A-9C9A-ECEB71431C35}.Debug|x86.Build.0 = Debug|Any CPU
		{DA9DA834-90B3-420A-9C9A-ECEB71431C35}.Release|Any CPU.ActiveCfg = Release|Any CPU
		{DA9DA834-90B3-420A-9C9A-ECEB71431C35}.Release|Any CPU.Build.0 = Release|Any CPU
		{DA9DA834-90B3-420A-9C9A-ECEB71431C35}.Release|x64.ActiveCfg = Release|Any CPU
		{DA9DA834-90B3-420A-9C9A-ECEB71431C35}.Release|x64.Build.0 = Release|Any CPU
		{DA9DA834-90B3-420A-9C9A-ECEB71431C35}.Release|x86.ActiveCfg = Release|Any CPU
		{DA9DA834-90B3-420A-9C9A-ECEB71431C35}.Release|x86.Build.0 = Release|Any CPU
		{62B67F4D-0A71-4A85-8215-377C7D766ED2}.Debug|Any CPU.ActiveCfg = Debug|Any CPU
		{62B67F4D-0A71-4A85-8215-377C7D766ED2}.Debug|Any CPU.Build.0 = Debug|Any CPU
		{62B67F4D-0A71-4A85-8215-377C7D766ED2}.Debug|x64.ActiveCfg = Debug|Any CPU
		{62B67F4D-0A71-4A85-8215-377C7D766ED2}.Debug|x64.Build.0 = Debug|Any CPU
		{62B67F4D-0A71-4A85-8215-377C7D766ED2}.Debug|x86.ActiveCfg = Debug|Any CPU
		{62B67F4D-0A71-4A85-8215-377C7D766ED2}.Debug|x86.Build.0 = Debug|Any CPU
		{62B67F4D-0A71-4A85-8215-377C7D766ED2}.Release|Any CPU.ActiveCfg = Release|Any CPU
		{62B67F4D-0A71-4A85-8215-377C7D766ED2}.Release|Any CPU.Build.0 = Release|Any CPU
		{62B67F4D-0A71-4A85-8215-377C7D766ED2}.Release|x64.ActiveCfg = Release|Any CPU
		{62B67F4D-0A71-4A85-8215-377C7D766ED2}.Release|x64.Build.0 = Release|Any CPU
		{62B67F4D-0A71-4A85-8215-377C7D766ED2}.Release|x86.ActiveCfg = Release|Any CPU
		{62B67F4D-0A71-4A85-8215-377C7D766ED2}.Release|x86.Build.0 = Release|Any CPU
	EndGlobalSection
	GlobalSection(SolutionProperties) = preSolution
		HideSolutionNode = FALSE
	EndGlobalSection
	GlobalSection(NestedProjects) = preSolution
		{E795886E-3F7D-4173-8F4C-0FB871F7FAE4} = {517FCF32-650D-0D38-2C10-7F55090B70DF}
		{410C53C0-37FA-43C2-B4FF-1996DC0628B9} = {517FCF32-650D-0D38-2C10-7F55090B70DF}
		{DA9DA834-90B3-420A-9C9A-ECEB71431C35} = {517FCF32-650D-0D38-2C10-7F55090B70DF}
		{62B67F4D-0A71-4A85-8215-377C7D766ED2} = {517FCF32-650D-0D38-2C10-7F55090B70DF}
	EndGlobalSection
EndGlobal
